
Microsoft Visual Studio Solution File, Format Version 12.00
# Visual Studio Version 16
VisualStudioVersion = 16.0.31129.286
MinimumVisualStudioVersion = 10.0.40219.1
Project("{FAE04EC0-301F-11D3-BF4B-00C04F79EFBC}") = "WaterMelon", "WaterMelon\WaterMelon.csproj", "{35BDB2A7-6FF9-434D-BB8B-7FDAADA233E4}"
EndProject
Global
	GlobalSection(SolutionConfigurationPlatforms) = preSolution
		Debug|Any CPU = Debug|Any CPU
		Release|Any CPU = Release|Any CPU
	EndGlobalSection
	GlobalSection(ProjectConfigurationPlatforms) = postSolution
		{35BDB2A7-6FF9-434D-BB8B-7FDAADA233E4}.Debug|Any CPU.ActiveCfg = Debug|Any CPU
		{35BDB2A7-6FF9-434D-BB8B-7FDAADA233E4}.Debug|Any CPU.Build.0 = Debug|Any CPU
		{35BDB2A7-6FF9-434D-BB8B-7FDAADA233E4}.Release|Any CPU.ActiveCfg = Release|Any CPU
		{35BDB2A7-6FF9-434D-BB8B-7FDAADA233E4}.Release|Any CPU.Build.0 = Release|Any CPU
	EndGlobalSection
	GlobalSection(SolutionProperties) = preSolution
		HideSolutionNode = FALSE
	EndGlobalSection
	GlobalSection(ExtensibilityGlobals) = postSolution
		SolutionGuid = {81435B7C-533D-4878-8F42-2A39CF4F949C}
	EndGlobalSection
EndGlobal
